
Microsoft Visual Studio Solution File, Format Version 12.00
# Visual Studio Version 17
VisualStudioVersion = 17.8.34330.188
MinimumVisualStudioVersion = 10.0.40219.1
Project("{FAE04EC0-301F-11D3-BF4B-00C04F79EFBC}") = "InsideTheBackrooms_TrueGear", "InsideTheBackrooms_TrueGear\InsideTheBackrooms_TrueGear.csproj", "{8B5924A4-0436-4C35-BB75-66A200D6660B}"
EndProject
Global
	GlobalSection(SolutionConfigurationPlatforms) = preSolution
		Debug|Any CPU = Debug|Any CPU
		Release|Any CPU = Release|Any CPU
	EndGlobalSection
	GlobalSection(ProjectConfigurationPlatforms) = postSolution
		{8B5924A4-0436-4C35-BB75-66A200D6660B}.Debug|Any CPU.ActiveCfg = Debug|Any CPU
		{8B5924A4-0436-4C35-BB75-66A200D6660B}.Debug|Any CPU.Build.0 = Debug|Any CPU
		{8B5924A4-0436-4C35-BB75-66A200D6660B}.Release|Any CPU.ActiveCfg = Release|Any CPU
		{8B5924A4-0436-4C35-BB75-66A200D6660B}.Release|Any CPU.Build.0 = Release|Any CPU
	EndGlobalSection
	GlobalSection(SolutionProperties) = preSolution
		HideSolutionNode = FALSE
	EndGlobalSection
	GlobalSection(ExtensibilityGlobals) = postSolution
		SolutionGuid = {F596CF4B-0D95-46A0-9BAA-35FD95948A07}
	EndGlobalSection
EndGlobal
